
Microsoft Visual Studio Solution File, Format Version 12.00
# Visual Studio 14
VisualStudioVersion = 14.0.22609.0
MinimumVisualStudioVersion = 10.0.40219.1
Project("{F184B08F-C81C-45F6-A57F-5ABD9991F28F}") = "Auction Project", "Auction Project\Auction Project.vbproj", "{7F954BEB-011A-44EE-BE3C-A9D967FD442B}"
EndProject
Global
	GlobalSection(SolutionConfigurationPlatforms) = preSolution
		Debug|Any CPU = Debug|Any CPU
		Release|Any CPU = Release|Any CPU
	EndGlobalSection
	GlobalSection(ProjectConfigurationPlatforms) = postSolution
		{7F954BEB-011A-44EE-BE3C-A9D967FD442B}.Debug|Any CPU.ActiveCfg = Debug|Any CPU
		{7F954BEB-011A-44EE-BE3C-A9D967FD442B}.Debug|Any CPU.Build.0 = Debug|Any CPU
		{7F954BEB-011A-44EE-BE3C-A9D967FD442B}.Release|Any CPU.ActiveCfg = Release|Any CPU
		{7F954BEB-011A-44EE-BE3C-A9D967FD442B}.Release|Any CPU.Build.0 = Release|Any CPU
	EndGlobalSection
	GlobalSection(SolutionProperties) = preSolution
		HideSolutionNode = FALSE
	EndGlobalSection
EndGlobal
