
Microsoft Visual Studio Solution File, Format Version 12.00
# Visual Studio 15
VisualStudioVersion = 15.0.28307.168
MinimumVisualStudioVersion = 10.0.40219.1
Project("{FAE04EC0-301F-11D3-BF4B-00C04F79EFBC}") = "TAL_Distributors_Web_Service", "TAL_Distributors_Web_Service\TAL_Distributors_Web_Service.csproj", "{B1F0D31C-FE68-4394-9E72-8CF440248613}"
EndProject
Global
	GlobalSection(SolutionConfigurationPlatforms) = preSolution
		Debug|Any CPU = Debug|Any CPU
		Release|Any CPU = Release|Any CPU
	EndGlobalSection
	GlobalSection(ProjectConfigurationPlatforms) = postSolution
		{B1F0D31C-FE68-4394-9E72-8CF440248613}.Debug|Any CPU.ActiveCfg = Debug|Any CPU
		{B1F0D31C-FE68-4394-9E72-8CF440248613}.Debug|Any CPU.Build.0 = Debug|Any CPU
		{B1F0D31C-FE68-4394-9E72-8CF440248613}.Release|Any CPU.ActiveCfg = Release|Any CPU
		{B1F0D31C-FE68-4394-9E72-8CF440248613}.Release|Any CPU.Build.0 = Release|Any CPU
	EndGlobalSection
	GlobalSection(SolutionProperties) = preSolution
		HideSolutionNode = FALSE
	EndGlobalSection
	GlobalSection(ExtensibilityGlobals) = postSolution
		SolutionGuid = {5782ABCB-C92A-4CBC-AD82-B1F5579EFB9F}
	EndGlobalSection
EndGlobal
