
Microsoft Visual Studio Solution File, Format Version 12.00
# Visual Studio Version 16
VisualStudioVersion = 16.0.31112.23
MinimumVisualStudioVersion = 10.0.40219.1
Project("{FAE04EC0-301F-11D3-BF4B-00C04F79EFBC}") = "ExpenseIt", "ExpenseIt.csproj", "{6B0CE385-43F7-4FC7-8245-24A380170BFB}"
EndProject
Global
	GlobalSection(SolutionConfigurationPlatforms) = preSolution
		Debug|Any CPU = Debug|Any CPU
		Release|Any CPU = Release|Any CPU
	EndGlobalSection
	GlobalSection(ProjectConfigurationPlatforms) = postSolution
		{6B0CE385-43F7-4FC7-8245-24A380170BFB}.Debug|Any CPU.ActiveCfg = Debug|Any CPU
		{6B0CE385-43F7-4FC7-8245-24A380170BFB}.Debug|Any CPU.Build.0 = Debug|Any CPU
		{6B0CE385-43F7-4FC7-8245-24A380170BFB}.Release|Any CPU.ActiveCfg = Release|Any CPU
		{6B0CE385-43F7-4FC7-8245-24A380170BFB}.Release|Any CPU.Build.0 = Release|Any CPU
	EndGlobalSection
	GlobalSection(SolutionProperties) = preSolution
		HideSolutionNode = FALSE
	EndGlobalSection
	GlobalSection(ExtensibilityGlobals) = postSolution
		SolutionGuid = {4FFAAF17-A0A6-432F-AA45-E9F5B56AEDE0}
	EndGlobalSection
EndGlobal
