
Microsoft Visual Studio Solution File, Format Version 12.00
# Visual Studio Version 16
VisualStudioVersion = 16.0.29519.87
MinimumVisualStudioVersion = 10.0.40219.1
Project("{FAE04EC0-301F-11D3-BF4B-00C04F79EFBC}") = "Aquarium_Csharp_With_Database", "Aquarium_Csharp_With_Database.csproj", "{7CCB05DF-1FB7-4EE9-9A6B-6EA81C381E7A}"
EndProject
Global
	GlobalSection(SolutionConfigurationPlatforms) = preSolution
		Debug|Any CPU = Debug|Any CPU
		Release|Any CPU = Release|Any CPU
	EndGlobalSection
	GlobalSection(ProjectConfigurationPlatforms) = postSolution
		{7CCB05DF-1FB7-4EE9-9A6B-6EA81C381E7A}.Debug|Any CPU.ActiveCfg = Debug|Any CPU
		{7CCB05DF-1FB7-4EE9-9A6B-6EA81C381E7A}.Debug|Any CPU.Build.0 = Debug|Any CPU
		{7CCB05DF-1FB7-4EE9-9A6B-6EA81C381E7A}.Release|Any CPU.ActiveCfg = Release|Any CPU
		{7CCB05DF-1FB7-4EE9-9A6B-6EA81C381E7A}.Release|Any CPU.Build.0 = Release|Any CPU
	EndGlobalSection
	GlobalSection(SolutionProperties) = preSolution
		HideSolutionNode = FALSE
	EndGlobalSection
	GlobalSection(ExtensibilityGlobals) = postSolution
		SolutionGuid = {9E843D50-DC15-4E8E-90AB-7815A2E6C045}
	EndGlobalSection
EndGlobal
