
Microsoft Visual Studio Solution File, Format Version 12.00
# Visual Studio 15
VisualStudioVersion = 15.0.28307.168
MinimumVisualStudioVersion = 10.0.40219.1
Project("{FAE04EC0-301F-11D3-BF4B-00C04F79EFBC}") = "Consume_Public_API_REST_Countries", "Consume_Public_API_REST_Countries\Consume_Public_API_REST_Countries.csproj", "{FEC8BA67-3AB8-4BBC-986E-B662E94AA9EF}"
EndProject
Global
	GlobalSection(SolutionConfigurationPlatforms) = preSolution
		Debug|Any CPU = Debug|Any CPU
		Release|Any CPU = Release|Any CPU
	EndGlobalSection
	GlobalSection(ProjectConfigurationPlatforms) = postSolution
		{FEC8BA67-3AB8-4BBC-986E-B662E94AA9EF}.Debug|Any CPU.ActiveCfg = Debug|Any CPU
		{FEC8BA67-3AB8-4BBC-986E-B662E94AA9EF}.Debug|Any CPU.Build.0 = Debug|Any CPU
		{FEC8BA67-3AB8-4BBC-986E-B662E94AA9EF}.Release|Any CPU.ActiveCfg = Release|Any CPU
		{FEC8BA67-3AB8-4BBC-986E-B662E94AA9EF}.Release|Any CPU.Build.0 = Release|Any CPU
	EndGlobalSection
	GlobalSection(SolutionProperties) = preSolution
		HideSolutionNode = FALSE
	EndGlobalSection
	GlobalSection(ExtensibilityGlobals) = postSolution
		SolutionGuid = {B21DD18F-1599-4DCA-BA2F-18295F15B4D7}
	EndGlobalSection
EndGlobal
