
Microsoft Visual Studio Solution File, Format Version 12.00
# Visual Studio Version 16
VisualStudioVersion = 16.0.31129.286
MinimumVisualStudioVersion = 10.0.40219.1
Project("{FAE04EC0-301F-11D3-BF4B-00C04F79EFBC}") = "MVCMovie", "MVCMovie.csproj", "{79BDFF6D-85C0-4C92-83E8-D75C0E84A4CE}"
EndProject
Global
	GlobalSection(SolutionConfigurationPlatforms) = preSolution
		Debug|Any CPU = Debug|Any CPU
		Release|Any CPU = Release|Any CPU
	EndGlobalSection
	GlobalSection(ProjectConfigurationPlatforms) = postSolution
		{79BDFF6D-85C0-4C92-83E8-D75C0E84A4CE}.Debug|Any CPU.ActiveCfg = Debug|Any CPU
		{79BDFF6D-85C0-4C92-83E8-D75C0E84A4CE}.Debug|Any CPU.Build.0 = Debug|Any CPU
		{79BDFF6D-85C0-4C92-83E8-D75C0E84A4CE}.Release|Any CPU.ActiveCfg = Release|Any CPU
		{79BDFF6D-85C0-4C92-83E8-D75C0E84A4CE}.Release|Any CPU.Build.0 = Release|Any CPU
	EndGlobalSection
	GlobalSection(SolutionProperties) = preSolution
		HideSolutionNode = FALSE
	EndGlobalSection
	GlobalSection(ExtensibilityGlobals) = postSolution
		SolutionGuid = {863C5D7E-4CC3-4DB4-9B0E-17668D7E58E6}
	EndGlobalSection
EndGlobal
