
Microsoft Visual Studio Solution File, Format Version 12.00
# Visual Studio Version 16
VisualStudioVersion = 16.0.29519.87
MinimumVisualStudioVersion = 10.0.40219.1
Project("{FAE04EC0-301F-11D3-BF4B-00C04F79EFBC}") = "Fishbowl_Csharp", "Fishbowl_Csharp.csproj", "{FE46DA8A-6F5F-4909-B85A-3C78C16689F5}"
EndProject
Global
	GlobalSection(SolutionConfigurationPlatforms) = preSolution
		Debug|Any CPU = Debug|Any CPU
		Release|Any CPU = Release|Any CPU
	EndGlobalSection
	GlobalSection(ProjectConfigurationPlatforms) = postSolution
		{FE46DA8A-6F5F-4909-B85A-3C78C16689F5}.Debug|Any CPU.ActiveCfg = Debug|Any CPU
		{FE46DA8A-6F5F-4909-B85A-3C78C16689F5}.Debug|Any CPU.Build.0 = Debug|Any CPU
		{FE46DA8A-6F5F-4909-B85A-3C78C16689F5}.Release|Any CPU.ActiveCfg = Release|Any CPU
		{FE46DA8A-6F5F-4909-B85A-3C78C16689F5}.Release|Any CPU.Build.0 = Release|Any CPU
	EndGlobalSection
	GlobalSection(SolutionProperties) = preSolution
		HideSolutionNode = FALSE
	EndGlobalSection
	GlobalSection(ExtensibilityGlobals) = postSolution
		SolutionGuid = {BFE14541-AF4E-4709-9BC3-AC9224611732}
	EndGlobalSection
EndGlobal
