
Microsoft Visual Studio Solution File, Format Version 12.00
# Visual Studio 14
VisualStudioVersion = 14.0.22823.1
MinimumVisualStudioVersion = 10.0.40219.1
Project("{F184B08F-C81C-45F6-A57F-5ABD9991F28F}") = "Employee List Project", "Employee List Project\Employee List Project.vbproj", "{A352D8F8-5E05-410B-A5D6-A6B2E32DA313}"
EndProject
Global
	GlobalSection(SolutionConfigurationPlatforms) = preSolution
		Debug|Any CPU = Debug|Any CPU
		Release|Any CPU = Release|Any CPU
	EndGlobalSection
	GlobalSection(ProjectConfigurationPlatforms) = postSolution
		{A352D8F8-5E05-410B-A5D6-A6B2E32DA313}.Debug|Any CPU.ActiveCfg = Debug|Any CPU
		{A352D8F8-5E05-410B-A5D6-A6B2E32DA313}.Debug|Any CPU.Build.0 = Debug|Any CPU
		{A352D8F8-5E05-410B-A5D6-A6B2E32DA313}.Release|Any CPU.ActiveCfg = Release|Any CPU
		{A352D8F8-5E05-410B-A5D6-A6B2E32DA313}.Release|Any CPU.Build.0 = Release|Any CPU
	EndGlobalSection
	GlobalSection(SolutionProperties) = preSolution
		HideSolutionNode = FALSE
	EndGlobalSection
EndGlobal
