<<<<<<< HEAD
﻿
Microsoft Visual Studio Solution File, Format Version 12.00
# Visual Studio Version 16
VisualStudioVersion = 16.0.31105.61
MinimumVisualStudioVersion = 10.0.40219.1
Project("{F14B399A-7131-4C87-9E4B-1186C45EF12D}") = "TalDistributorReports", "TalDistributorReports.rptproj", "{92FDD7F7-062F-4102-AD4E-CD232B27320E}"
EndProject
Global
	GlobalSection(SolutionConfigurationPlatforms) = preSolution
		Debug|Default = Debug|Default
		DebugLocal|Default = DebugLocal|Default
		Release|Default = Release|Default
	EndGlobalSection
	GlobalSection(ProjectConfigurationPlatforms) = postSolution
		{92FDD7F7-062F-4102-AD4E-CD232B27320E}.Debug|Default.ActiveCfg = Debug
		{92FDD7F7-062F-4102-AD4E-CD232B27320E}.Debug|Default.Build.0 = Debug
		{92FDD7F7-062F-4102-AD4E-CD232B27320E}.Debug|Default.Deploy.0 = Debug
		{92FDD7F7-062F-4102-AD4E-CD232B27320E}.DebugLocal|Default.ActiveCfg = DebugLocal
		{92FDD7F7-062F-4102-AD4E-CD232B27320E}.DebugLocal|Default.Build.0 = DebugLocal
		{92FDD7F7-062F-4102-AD4E-CD232B27320E}.Release|Default.ActiveCfg = Release
		{92FDD7F7-062F-4102-AD4E-CD232B27320E}.Release|Default.Build.0 = Release
		{92FDD7F7-062F-4102-AD4E-CD232B27320E}.Release|Default.Deploy.0 = Release
	EndGlobalSection
	GlobalSection(SolutionProperties) = preSolution
		HideSolutionNode = FALSE
	EndGlobalSection
	GlobalSection(ExtensibilityGlobals) = postSolution
		SolutionGuid = {E899FD3E-9CAC-4D9C-9983-3A5CD4162375}
	EndGlobalSection
EndGlobal
=======
﻿
Microsoft Visual Studio Solution File, Format Version 12.00
# Visual Studio Version 16
VisualStudioVersion = 16.0.31105.61
MinimumVisualStudioVersion = 10.0.40219.1
Project("{F14B399A-7131-4C87-9E4B-1186C45EF12D}") = "TalDistributorReports", "TalDistributorReports.rptproj", "{92FDD7F7-062F-4102-AD4E-CD232B27320E}"
EndProject
Global
	GlobalSection(SolutionConfigurationPlatforms) = preSolution
		Debug|Default = Debug|Default
		DebugLocal|Default = DebugLocal|Default
		Release|Default = Release|Default
	EndGlobalSection
	GlobalSection(ProjectConfigurationPlatforms) = postSolution
		{92FDD7F7-062F-4102-AD4E-CD232B27320E}.Debug|Default.ActiveCfg = Debug
		{92FDD7F7-062F-4102-AD4E-CD232B27320E}.Debug|Default.Build.0 = Debug
		{92FDD7F7-062F-4102-AD4E-CD232B27320E}.Debug|Default.Deploy.0 = Debug
		{92FDD7F7-062F-4102-AD4E-CD232B27320E}.DebugLocal|Default.ActiveCfg = DebugLocal
		{92FDD7F7-062F-4102-AD4E-CD232B27320E}.DebugLocal|Default.Build.0 = DebugLocal
		{92FDD7F7-062F-4102-AD4E-CD232B27320E}.Release|Default.ActiveCfg = Release
		{92FDD7F7-062F-4102-AD4E-CD232B27320E}.Release|Default.Build.0 = Release
		{92FDD7F7-062F-4102-AD4E-CD232B27320E}.Release|Default.Deploy.0 = Release
	EndGlobalSection
	GlobalSection(SolutionProperties) = preSolution
		HideSolutionNode = FALSE
	EndGlobalSection
	GlobalSection(ExtensibilityGlobals) = postSolution
		SolutionGuid = {E899FD3E-9CAC-4D9C-9983-3A5CD4162375}
	EndGlobalSection
EndGlobal
>>>>>>> parent of d4ec916 (Reorganized)
