
Microsoft Visual Studio Solution File, Format Version 12.00
# Visual Studio Version 16
VisualStudioVersion = 16.0.31112.23
MinimumVisualStudioVersion = 10.0.40219.1
Project("{FAE04EC0-301F-11D3-BF4B-00C04F79EFBC}") = "CheapLoansProjectPart3", "CheapLoansProjectPart3.csproj", "{3BA8100E-0B6E-4979-9E56-6E6FCCDF396C}"
EndProject
Global
	GlobalSection(SolutionConfigurationPlatforms) = preSolution
		Debug|Any CPU = Debug|Any CPU
		Release|Any CPU = Release|Any CPU
	EndGlobalSection
	GlobalSection(ProjectConfigurationPlatforms) = postSolution
		{3BA8100E-0B6E-4979-9E56-6E6FCCDF396C}.Debug|Any CPU.ActiveCfg = Debug|Any CPU
		{3BA8100E-0B6E-4979-9E56-6E6FCCDF396C}.Debug|Any CPU.Build.0 = Debug|Any CPU
		{3BA8100E-0B6E-4979-9E56-6E6FCCDF396C}.Release|Any CPU.ActiveCfg = Release|Any CPU
		{3BA8100E-0B6E-4979-9E56-6E6FCCDF396C}.Release|Any CPU.Build.0 = Release|Any CPU
	EndGlobalSection
	GlobalSection(SolutionProperties) = preSolution
		HideSolutionNode = FALSE
	EndGlobalSection
	GlobalSection(ExtensibilityGlobals) = postSolution
		SolutionGuid = {269486F8-FAD2-437A-B929-3DF3EA09A028}
	EndGlobalSection
EndGlobal
