
Microsoft Visual Studio Solution File, Format Version 12.00
# Visual Studio 15
VisualStudioVersion = 15.0.28307.168
MinimumVisualStudioVersion = 10.0.40219.1
Project("{FAE04EC0-301F-11D3-BF4B-00C04F79EFBC}") = "TAL_Distributors_Client", "TAL_Distributors_Client\TAL_Distributors_Client.csproj", "{1B92CFF4-64FC-4C21-8C7B-4855A2381746}"
EndProject
Global
	GlobalSection(SolutionConfigurationPlatforms) = preSolution
		Debug|Any CPU = Debug|Any CPU
		Release|Any CPU = Release|Any CPU
	EndGlobalSection
	GlobalSection(ProjectConfigurationPlatforms) = postSolution
		{1B92CFF4-64FC-4C21-8C7B-4855A2381746}.Debug|Any CPU.ActiveCfg = Debug|Any CPU
		{1B92CFF4-64FC-4C21-8C7B-4855A2381746}.Debug|Any CPU.Build.0 = Debug|Any CPU
		{1B92CFF4-64FC-4C21-8C7B-4855A2381746}.Release|Any CPU.ActiveCfg = Release|Any CPU
		{1B92CFF4-64FC-4C21-8C7B-4855A2381746}.Release|Any CPU.Build.0 = Release|Any CPU
	EndGlobalSection
	GlobalSection(SolutionProperties) = preSolution
		HideSolutionNode = FALSE
	EndGlobalSection
	GlobalSection(ExtensibilityGlobals) = postSolution
		SolutionGuid = {B008A6D9-6264-463A-AF8D-D4D4669928CD}
	EndGlobalSection
EndGlobal
